
Microsoft Visual Studio Solution File, Format Version 12.00
# Visual Studio 15
VisualStudioVersion = 15.0.28307.539
MinimumVisualStudioVersion = 10.0.40219.1
Project("{FAE04EC0-301F-11D3-BF4B-00C04F79EFBC}") = "HW_6_temperature_conversion", "HW_6_temperature_conversion.csproj", "{39B0E9C1-2453-43C9-8342-6451C201BD52}"
EndProject
Global
	GlobalSection(SolutionConfigurationPlatforms) = preSolution
		Debug|Any CPU = Debug|Any CPU
		Release|Any CPU = Release|Any CPU
	EndGlobalSection
	GlobalSection(ProjectConfigurationPlatforms) = postSolution
		{39B0E9C1-2453-43C9-8342-6451C201BD52}.Debug|Any CPU.ActiveCfg = Debug|Any CPU
		{39B0E9C1-2453-43C9-8342-6451C201BD52}.Debug|Any CPU.Build.0 = Debug|Any CPU
		{39B0E9C1-2453-43C9-8342-6451C201BD52}.Release|Any CPU.ActiveCfg = Release|Any CPU
		{39B0E9C1-2453-43C9-8342-6451C201BD52}.Release|Any CPU.Build.0 = Release|Any CPU
	EndGlobalSection
	GlobalSection(SolutionProperties) = preSolution
		HideSolutionNode = FALSE
	EndGlobalSection
	GlobalSection(ExtensibilityGlobals) = postSolution
		SolutionGuid = {C17672B0-26CB-43F5-8490-98AB064496E5}
	EndGlobalSection
EndGlobal
